# This file is automatically @generated by Cargo.
# It is not intended for manual editing.
version = 3

[[package]]
name = "chat_system"
version = "0.1.0"

[[package]]
name = "installed_software"
version = "0.1.0"

[[package]]
name = "it_db"
version = "0.1.0"

[[package]]
name = "remote_command"
version = "0.1.0"

[[package]]
name = "remote_desktop"
version = "0.1.0"

[[package]]
name = "sys_info"
version = "0.1.0"
